
Microsoft Visual Studio Solution File, Format Version 12.00
Project("{FAE04EC0-301F-11D3-BF4B-00C04F79EFBC}") = "CzechNationalBank.Console", "CzechNationalBank.Console\CzechNationalBank.Console.csproj", "{8AAF444B-460A-4CB5-8C5D-B707BF441DCE}"
EndProject
Project("{FAE04EC0-301F-11D3-BF4B-00C04F79EFBC}") = "CzechNationalBank", "CzechNationalBank\CzechNationalBank.csproj", "{59EEAF0E-CC8E-4AA4-9620-ADF3DCD9BF99}"
EndProject
Global
	GlobalSection(SolutionConfigurationPlatforms) = preSolution
		Debug|Any CPU = Debug|Any CPU
		Release|Any CPU = Release|Any CPU
	EndGlobalSection
	GlobalSection(ProjectConfigurationPlatforms) = postSolution
		{8AAF444B-460A-4CB5-8C5D-B707BF441DCE}.Debug|Any CPU.ActiveCfg = Debug|Any CPU
		{8AAF444B-460A-4CB5-8C5D-B707BF441DCE}.Debug|Any CPU.Build.0 = Debug|Any CPU
		{8AAF444B-460A-4CB5-8C5D-B707BF441DCE}.Release|Any CPU.ActiveCfg = Release|Any CPU
		{8AAF444B-460A-4CB5-8C5D-B707BF441DCE}.Release|Any CPU.Build.0 = Release|Any CPU
		{59EEAF0E-CC8E-4AA4-9620-ADF3DCD9BF99}.Debug|Any CPU.ActiveCfg = Debug|Any CPU
		{59EEAF0E-CC8E-4AA4-9620-ADF3DCD9BF99}.Debug|Any CPU.Build.0 = Debug|Any CPU
		{59EEAF0E-CC8E-4AA4-9620-ADF3DCD9BF99}.Release|Any CPU.ActiveCfg = Release|Any CPU
		{59EEAF0E-CC8E-4AA4-9620-ADF3DCD9BF99}.Release|Any CPU.Build.0 = Release|Any CPU
	EndGlobalSection
EndGlobal
